PODS:
  - Bolts (1.8.4):
    - Bolts/AppLinks (= 1.8.4)
    - Bolts/Tasks (= 1.8.4)
  - Bolts/AppLinks (1.8.4):
    - Bolts/Tasks
  - Bolts/Tasks (1.8.4)
  - FBSDKCoreKit (4.28.0):
    - Bolts (~> 1.7)
  - FBSDKLoginKit (4.28.0):
    - FBSDKCoreKit
  - FBSDKShareKit (4.28.0):
    - FBSDKCoreKit
  - LFLiveKit (2.6)
  - SCRecorder (2.7.0)
  - SwiftyJSON (4.0.0)

DEPENDENCIES:
  - FBSDKLoginKit
  - FBSDKShareKit
  - LFLiveKit
  - SCRecorder
  - SwiftyJSON

SPEC CHECKSUMS:
  Bolts: 8a7995239dbe724f9cba2248b766d48b7ebdd322
  FBSDKCoreKit: ca961e279113f691fd83dc634c0bbad9d4e3f370
  FBSDKLoginKit: b077381c27d800f21661757e8140cf2c80a91e4a
  FBSDKShareKit: 4f525556e0df4cf0f574cb3f01c675434f29d477
  LFLiveKit: 2219563721f8aa0f188effc3395a06e2d53b23f2
  SCRecorder: bbb521dbc222908876ec9cd9156bbc8a893bed44
  SwiftyJSON: 070dabdcb1beb81b247c65ffa3a79dbbfb3b48aa

PODFILE CHECKSUM: 8b234b003ef4373256ab938a09edbce79452e3c1

COCOAPODS: 1.2.1
